
Microsoft Visual Studio Solution File, Format Version 12.00
# Visual Studio Version 16
VisualStudioVersion = 16.0.29806.167
MinimumVisualStudioVersion = 10.0.40219.1
Project("{FAE04EC0-301F-11D3-BF4B-00C04F79EFBC}") = "AddressBook", "AddressBook\AddressBook.csproj", "{A3A1E5FA-082E-45B2-98BC-70E19B68E41E}"
EndProject
Project("{FAE04EC0-301F-11D3-BF4B-00C04F79EFBC}") = "AddressBook.DataProvider", "AddressBook.DataProvider\AddressBook.DataProvider.csproj", "{30BB2FCE-84FA-4449-BFAC-EAE91FABBFC1}"
EndProject
Project("{FAE04EC0-301F-11D3-BF4B-00C04F79EFBC}") = "AddressBook.Models", "AddressBook.Models\AddressBook.Models.csproj", "{90D5FDE8-BAEB-4B59-AC19-E319D7790F1F}"
EndProject
Global
	GlobalSection(SolutionConfigurationPlatforms) = preSolution
		Debug|Any CPU = Debug|Any CPU
		Release|Any CPU = Release|Any CPU
	EndGlobalSection
	GlobalSection(ProjectConfigurationPlatforms) = postSolution
		{A3A1E5FA-082E-45B2-98BC-70E19B68E41E}.Debug|Any CPU.ActiveCfg = Debug|Any CPU
		{A3A1E5FA-082E-45B2-98BC-70E19B68E41E}.Debug|Any CPU.Build.0 = Debug|Any CPU
		{A3A1E5FA-082E-45B2-98BC-70E19B68E41E}.Release|Any CPU.ActiveCfg = Release|Any CPU
		{A3A1E5FA-082E-45B2-98BC-70E19B68E41E}.Release|Any CPU.Build.0 = Release|Any CPU
		{30BB2FCE-84FA-4449-BFAC-EAE91FABBFC1}.Debug|Any CPU.ActiveCfg = Debug|Any CPU
		{30BB2FCE-84FA-4449-BFAC-EAE91FABBFC1}.Debug|Any CPU.Build.0 = Debug|Any CPU
		{30BB2FCE-84FA-4449-BFAC-EAE91FABBFC1}.Release|Any CPU.ActiveCfg = Release|Any CPU
		{30BB2FCE-84FA-4449-BFAC-EAE91FABBFC1}.Release|Any CPU.Build.0 = Release|Any CPU
		{90D5FDE8-BAEB-4B59-AC19-E319D7790F1F}.Debug|Any CPU.ActiveCfg = Debug|Any CPU
		{90D5FDE8-BAEB-4B59-AC19-E319D7790F1F}.Debug|Any CPU.Build.0 = Debug|Any CPU
		{90D5FDE8-BAEB-4B59-AC19-E319D7790F1F}.Release|Any CPU.ActiveCfg = Release|Any CPU
		{90D5FDE8-BAEB-4B59-AC19-E319D7790F1F}.Release|Any CPU.Build.0 = Release|Any CPU
	EndGlobalSection
	GlobalSection(SolutionProperties) = preSolution
		HideSolutionNode = FALSE
	EndGlobalSection
	GlobalSection(ExtensibilityGlobals) = postSolution
		SolutionGuid = {0535FB22-FD66-4CFA-A80B-ACC8D3EC943E}
	EndGlobalSection
EndGlobal
